
Microsoft Visual Studio Solution File, Format Version 12.00
# Visual Studio 15
VisualStudioVersion = 15.0.27703.2035
MinimumVisualStudioVersion = 10.0.40219.1
Project("{9A19103F-16F7-4668-BE54-9A1E7A4F7556}") = "NoodleApp", "NoodleApp\NoodleApp.csproj", "{297CE7B6-B532-488D-A539-6A97CCB726C6}"
EndProject
Project("{FAE04EC0-301F-11D3-BF4B-00C04F79EFBC}") = "TestNoodleApp", "TestNoodleApp\TestNoodleApp.csproj", "{823F2F22-151B-425C-98AB-206C228B7DB9}"
EndProject
Global
	GlobalSection(SolutionConfigurationPlatforms) = preSolution
		Debug|Any CPU = Debug|Any CPU
		Release|Any CPU = Release|Any CPU
	EndGlobalSection
	GlobalSection(ProjectConfigurationPlatforms) = postSolution
		{297CE7B6-B532-488D-A539-6A97CCB726C6}.Debug|Any CPU.ActiveCfg = Debug|Any CPU
		{297CE7B6-B532-488D-A539-6A97CCB726C6}.Debug|Any CPU.Build.0 = Debug|Any CPU
		{297CE7B6-B532-488D-A539-6A97CCB726C6}.Release|Any CPU.ActiveCfg = Release|Any CPU
		{297CE7B6-B532-488D-A539-6A97CCB726C6}.Release|Any CPU.Build.0 = Release|Any CPU
		{823F2F22-151B-425C-98AB-206C228B7DB9}.Debug|Any CPU.ActiveCfg = Debug|Any CPU
		{823F2F22-151B-425C-98AB-206C228B7DB9}.Debug|Any CPU.Build.0 = Debug|Any CPU
		{823F2F22-151B-425C-98AB-206C228B7DB9}.Release|Any CPU.ActiveCfg = Release|Any CPU
		{823F2F22-151B-425C-98AB-206C228B7DB9}.Release|Any CPU.Build.0 = Release|Any CPU
	EndGlobalSection
	GlobalSection(SolutionProperties) = preSolution
		HideSolutionNode = FALSE
	EndGlobalSection
	GlobalSection(ExtensibilityGlobals) = postSolution
		SolutionGuid = {456747B8-06D1-43B0-9E94-9BD6937B59C6}
	EndGlobalSection
EndGlobal
